
Microsoft Visual Studio Solution File, Format Version 12.00
# Visual Studio Version 17
VisualStudioVersion = 17.5.002.0
MinimumVisualStudioVersion = 10.0.40219.1
Project("{9A19103F-16F7-4668-BE54-9A1E7A4F7556}") = "projeto6semestre", "projeto6semestre.csproj", "{9E4C803B-50CB-43A9-B3DC-FB3CF69C7A53}"
EndProject
Global
	GlobalSection(SolutionConfigurationPlatforms) = preSolution
		Debug|Any CPU = Debug|Any CPU
		Release|Any CPU = Release|Any CPU
	EndGlobalSection
	GlobalSection(ProjectConfigurationPlatforms) = postSolution
		{9E4C803B-50CB-43A9-B3DC-FB3CF69C7A53}.Debug|Any CPU.ActiveCfg = Debug|Any CPU
		{9E4C803B-50CB-43A9-B3DC-FB3CF69C7A53}.Debug|Any CPU.Build.0 = Debug|Any CPU
		{9E4C803B-50CB-43A9-B3DC-FB3CF69C7A53}.Release|Any CPU.ActiveCfg = Release|Any CPU
		{9E4C803B-50CB-43A9-B3DC-FB3CF69C7A53}.Release|Any CPU.Build.0 = Release|Any CPU
	EndGlobalSection
	GlobalSection(SolutionProperties) = preSolution
		HideSolutionNode = FALSE
	EndGlobalSection
	GlobalSection(ExtensibilityGlobals) = postSolution
		SolutionGuid = {FBD3ED69-D2E8-4743-B1E5-0934859F5B2D}
	EndGlobalSection
EndGlobal
